
Microsoft Visual Studio Solution File, Format Version 12.00
# Visual Studio Version 16
VisualStudioVersion = 16.0.31005.135
MinimumVisualStudioVersion = 10.0.40219.1
Project("{FAE04EC0-301F-11D3-BF4B-00C04F79EFBC}") = "Assignment02", "Assignment02.csproj", "{FD96A566-23C9-43BA-9D7B-F1E42CB09A49}"
EndProject
Project("{FAE04EC0-301F-11D3-BF4B-00C04F79EFBC}") = "TriangleSolverTest", "..\TriangleSolverTest\TriangleSolverTest.csproj", "{5B29DB8A-C3EE-4C1D-A984-8877609F9C88}"
EndProject
Global
	GlobalSection(SolutionConfigurationPlatforms) = preSolution
		Debug|Any CPU = Debug|Any CPU
		Release|Any CPU = Release|Any CPU
	EndGlobalSection
	GlobalSection(ProjectConfigurationPlatforms) = postSolution
		{FD96A566-23C9-43BA-9D7B-F1E42CB09A49}.Debug|Any CPU.ActiveCfg = Debug|Any CPU
		{FD96A566-23C9-43BA-9D7B-F1E42CB09A49}.Debug|Any CPU.Build.0 = Debug|Any CPU
		{FD96A566-23C9-43BA-9D7B-F1E42CB09A49}.Release|Any CPU.ActiveCfg = Release|Any CPU
		{FD96A566-23C9-43BA-9D7B-F1E42CB09A49}.Release|Any CPU.Build.0 = Release|Any CPU
		{5B29DB8A-C3EE-4C1D-A984-8877609F9C88}.Debug|Any CPU.ActiveCfg = Debug|Any CPU
		{5B29DB8A-C3EE-4C1D-A984-8877609F9C88}.Debug|Any CPU.Build.0 = Debug|Any CPU
		{5B29DB8A-C3EE-4C1D-A984-8877609F9C88}.Release|Any CPU.ActiveCfg = Release|Any CPU
		{5B29DB8A-C3EE-4C1D-A984-8877609F9C88}.Release|Any CPU.Build.0 = Release|Any CPU
	EndGlobalSection
	GlobalSection(SolutionProperties) = preSolution
		HideSolutionNode = FALSE
	EndGlobalSection
	GlobalSection(ExtensibilityGlobals) = postSolution
		SolutionGuid = {7746D80D-FEE3-485A-AF05-D7AF7D3567BD}
	EndGlobalSection
EndGlobal
